
Microsoft Visual Studio Solution File, Format Version 12.00
# Visual Studio Version 17
VisualStudioVersion = 17.11.35327.3
MinimumVisualStudioVersion = 10.0.40219.1
Project("{2150E333-8FDC-42A3-9474-1A3956D46DE8}") = "src", "src", "{BE4BA0EA-C2D1-4CD8-A833-2376F67F7CCC}"
EndProject
Project("{2150E333-8FDC-42A3-9474-1A3956D46DE8}") = "test", "test", "{3E13D60A-0643-4311-88D9-9C21DC81106E}"
EndProject
Project("{2150E333-8FDC-42A3-9474-1A3956D46DE8}") = "API", "API", "{5F673E67-734C-48C7-813E-7753D4A0E246}"
EndProject
Project("{2150E333-8FDC-42A3-9474-1A3956D46DE8}") = "Core", "Core", "{B915555D-774A-4577-935A-C6005E3AD2BA}"
EndProject
Project("{2150E333-8FDC-42A3-9474-1A3956D46DE8}") = "Infrastructure", "Infrastructure", "{7393A1A2-A85B-4D6C-B019-10EAEAC2ECEF}"
EndProject
Project("{2150E333-8FDC-42A3-9474-1A3956D46DE8}") = "UI", "UI", "{953B11CD-33F0-4671-82DF-47B7D06B2820}"
EndProject
Project("{FAE04EC0-301F-11D3-BF4B-00C04F79EFBC}") = "MC.Basic.Domains", "MC.Basic.Domains\MC.Basic.Domains.csproj", "{48B2833D-1F4E-4EA2-AD68-44F5AFC02197}"
EndProject
Project("{FAE04EC0-301F-11D3-BF4B-00C04F79EFBC}") = "MC.Basic.Application", "MC.Basic.Application\MC.Basic.Application.csproj", "{E6CA76C3-0A83-48EB-BA69-00AF23EEADE5}"
EndProject
Project("{FAE04EC0-301F-11D3-BF4B-00C04F79EFBC}") = "MC.Basic.Persistance", "MC.Basic.Persistance\MC.Basic.Persistance.csproj", "{BF36AE51-77A0-4F32-A34C-E27203E29B22}"
EndProject
Project("{FAE04EC0-301F-11D3-BF4B-00C04F79EFBC}") = "MC.Basic.Infrastructure", "MC.Basic.Infrastructure\MC.Basic.Infrastructure.csproj", "{10CD605A-74CB-4B85-93D1-648F417EB131}"
EndProject
Project("{FAE04EC0-301F-11D3-BF4B-00C04F79EFBC}") = "MC.Basic.API", "MC.Basic.API\MC.Basic.API.csproj", "{37E1934B-7F72-4B49-BD0F-8234B286FCD6}"
EndProject
Global
	GlobalSection(SolutionConfigurationPlatforms) = preSolution
		Debug|Any CPU = Debug|Any CPU
		Release|Any CPU = Release|Any CPU
	EndGlobalSection
	GlobalSection(ProjectConfigurationPlatforms) = postSolution
		{48B2833D-1F4E-4EA2-AD68-44F5AFC02197}.Debug|Any CPU.ActiveCfg = Debug|Any CPU
		{48B2833D-1F4E-4EA2-AD68-44F5AFC02197}.Debug|Any CPU.Build.0 = Debug|Any CPU
		{48B2833D-1F4E-4EA2-AD68-44F5AFC02197}.Release|Any CPU.ActiveCfg = Release|Any CPU
		{48B2833D-1F4E-4EA2-AD68-44F5AFC02197}.Release|Any CPU.Build.0 = Release|Any CPU
		{E6CA76C3-0A83-48EB-BA69-00AF23EEADE5}.Debug|Any CPU.ActiveCfg = Debug|Any CPU
		{E6CA76C3-0A83-48EB-BA69-00AF23EEADE5}.Debug|Any CPU.Build.0 = Debug|Any CPU
		{E6CA76C3-0A83-48EB-BA69-00AF23EEADE5}.Release|Any CPU.ActiveCfg = Release|Any CPU
		{E6CA76C3-0A83-48EB-BA69-00AF23EEADE5}.Release|Any CPU.Build.0 = Release|Any CPU
		{BF36AE51-77A0-4F32-A34C-E27203E29B22}.Debug|Any CPU.ActiveCfg = Debug|Any CPU
		{BF36AE51-77A0-4F32-A34C-E27203E29B22}.Debug|Any CPU.Build.0 = Debug|Any CPU
		{BF36AE51-77A0-4F32-A34C-E27203E29B22}.Release|Any CPU.ActiveCfg = Release|Any CPU
		{BF36AE51-77A0-4F32-A34C-E27203E29B22}.Release|Any CPU.Build.0 = Release|Any CPU
		{10CD605A-74CB-4B85-93D1-648F417EB131}.Debug|Any CPU.ActiveCfg = Debug|Any CPU
		{10CD605A-74CB-4B85-93D1-648F417EB131}.Debug|Any CPU.Build.0 = Debug|Any CPU
		{10CD605A-74CB-4B85-93D1-648F417EB131}.Release|Any CPU.ActiveCfg = Release|Any CPU
		{10CD605A-74CB-4B85-93D1-648F417EB131}.Release|Any CPU.Build.0 = Release|Any CPU
		{37E1934B-7F72-4B49-BD0F-8234B286FCD6}.Debug|Any CPU.ActiveCfg = Debug|Any CPU
		{37E1934B-7F72-4B49-BD0F-8234B286FCD6}.Debug|Any CPU.Build.0 = Debug|Any CPU
		{37E1934B-7F72-4B49-BD0F-8234B286FCD6}.Release|Any CPU.ActiveCfg = Release|Any CPU
		{37E1934B-7F72-4B49-BD0F-8234B286FCD6}.Release|Any CPU.Build.0 = Release|Any CPU
	EndGlobalSection
	GlobalSection(SolutionProperties) = preSolution
		HideSolutionNode = FALSE
	EndGlobalSection
	GlobalSection(NestedProjects) = preSolution
		{5F673E67-734C-48C7-813E-7753D4A0E246} = {BE4BA0EA-C2D1-4CD8-A833-2376F67F7CCC}
		{B915555D-774A-4577-935A-C6005E3AD2BA} = {BE4BA0EA-C2D1-4CD8-A833-2376F67F7CCC}
		{7393A1A2-A85B-4D6C-B019-10EAEAC2ECEF} = {BE4BA0EA-C2D1-4CD8-A833-2376F67F7CCC}
		{953B11CD-33F0-4671-82DF-47B7D06B2820} = {BE4BA0EA-C2D1-4CD8-A833-2376F67F7CCC}
		{48B2833D-1F4E-4EA2-AD68-44F5AFC02197} = {B915555D-774A-4577-935A-C6005E3AD2BA}
		{E6CA76C3-0A83-48EB-BA69-00AF23EEADE5} = {B915555D-774A-4577-935A-C6005E3AD2BA}
		{BF36AE51-77A0-4F32-A34C-E27203E29B22} = {7393A1A2-A85B-4D6C-B019-10EAEAC2ECEF}
		{10CD605A-74CB-4B85-93D1-648F417EB131} = {7393A1A2-A85B-4D6C-B019-10EAEAC2ECEF}
		{37E1934B-7F72-4B49-BD0F-8234B286FCD6} = {5F673E67-734C-48C7-813E-7753D4A0E246}
	EndGlobalSection
	GlobalSection(ExtensibilityGlobals) = postSolution
		SolutionGuid = {66ED4901-2618-4938-8965-6F389A3AC0A5}
	EndGlobalSection
EndGlobal
